
Microsoft Visual Studio Solution File, Format Version 12.00
# Visual Studio Version 17
VisualStudioVersion = 17.2.32616.157
MinimumVisualStudioVersion = 10.0.40219.1
Project("{FAE04EC0-301F-11D3-BF4B-00C04F79EFBC}") = "FrameworkRaul2", "FrameworkRaul2\FrameworkRaul2.csproj", "{81D036B9-F957-471C-B642-CF8B5666D66A}"
EndProject
Global
	GlobalSection(SolutionConfigurationPlatforms) = preSolution
		Debug|Any CPU = Debug|Any CPU
		Release|Any CPU = Release|Any CPU
	EndGlobalSection
	GlobalSection(ProjectConfigurationPlatforms) = postSolution
		{81D036B9-F957-471C-B642-CF8B5666D66A}.Debug|Any CPU.ActiveCfg = Debug|Any CPU
		{81D036B9-F957-471C-B642-CF8B5666D66A}.Debug|Any CPU.Build.0 = Debug|Any CPU
		{81D036B9-F957-471C-B642-CF8B5666D66A}.Release|Any CPU.ActiveCfg = Release|Any CPU
		{81D036B9-F957-471C-B642-CF8B5666D66A}.Release|Any CPU.Build.0 = Release|Any CPU
	EndGlobalSection
	GlobalSection(SolutionProperties) = preSolution
		HideSolutionNode = FALSE
	EndGlobalSection
	GlobalSection(ExtensibilityGlobals) = postSolution
		SolutionGuid = {2116D413-B0D2-4287-8169-B60704CE216D}
	EndGlobalSection
EndGlobal
